
Microsoft Visual Studio Solution File, Format Version 12.00
# Visual Studio Version 17
VisualStudioVersion = 17.0.31903.59
MinimumVisualStudioVersion = 10.0.40219.1
Project("{FAE04EC0-301F-11D3-BF4B-00C04F79EFBC}") = "Egil.Orleans.Storage", "src\Egil.Orleans.Storage\Egil.Orleans.Storage.csproj", "{9AC7BAF1-D414-ED4E-60ED-EFE3B1312533}"
EndProject
Project("{2150E333-8FDC-42A3-9474-1A3956D46DE8}") = "Solution Items", "Solution Items", "{8EC462FD-D22E-90A8-E5CE-7E832BA40C5D}"
	ProjectSection(SolutionItems) = preProject
		..\.editorconfig = ..\.editorconfig
		..\.gitattributes = ..\.gitattributes
		..\.gitignore = ..\.gitignore
		..\Directory.Build.props = ..\Directory.Build.props
		..\Directory.Packages.props = ..\Directory.Packages.props
		..\LICENSE = ..\LICENSE
		README.md = README.md
		..\xunit.runner.json = ..\xunit.runner.json
	EndProjectSection
EndProject
Global
	GlobalSection(SolutionConfigurationPlatforms) = preSolution
		Debug|Any CPU = Debug|Any CPU
		Release|Any CPU = Release|Any CPU
	EndGlobalSection
	GlobalSection(ProjectConfigurationPlatforms) = postSolution
		{9AC7BAF1-D414-ED4E-60ED-EFE3B1312533}.Debug|Any CPU.ActiveCfg = Debug|Any CPU
		{9AC7BAF1-D414-ED4E-60ED-EFE3B1312533}.Debug|Any CPU.Build.0 = Debug|Any CPU
		{9AC7BAF1-D414-ED4E-60ED-EFE3B1312533}.Release|Any CPU.ActiveCfg = Release|Any CPU
		{9AC7BAF1-D414-ED4E-60ED-EFE3B1312533}.Release|Any CPU.Build.0 = Release|Any CPU
	EndGlobalSection
	GlobalSection(SolutionProperties) = preSolution
		HideSolutionNode = FALSE
	EndGlobalSection
	GlobalSection(ExtensibilityGlobals) = postSolution
		SolutionGuid = {2AD9412A-AE1E-4584-851A-F130677F4A6A}
	EndGlobalSection
EndGlobal
