
Microsoft Visual Studio Solution File, Format Version 12.00
# Visual Studio Version 17
VisualStudioVersion = 17.0.31903.59
MinimumVisualStudioVersion = 10.0.40219.1
Project("{2150E333-8FDC-42A3-9474-1A3956D46DE8}") = "Solution Items", "Solution Items", "{8EC462FD-D22E-90A8-E5CE-7E832BA40C5D}"
	ProjectSection(SolutionItems) = preProject
		..\.editorconfig = ..\.editorconfig
		..\.gitattributes = ..\.gitattributes
		..\.gitignore = ..\.gitignore
		..\Directory.Build.props = ..\Directory.Build.props
		..\Directory.Packages.props = ..\Directory.Packages.props
		..\xunit.runner.json = ..\xunit.runner.json
	EndProjectSection
EndProject
Project("{FAE04EC0-301F-11D3-BF4B-00C04F79EFBC}") = "Egil.Orleans.EventSourcing", "src\Egil.Orleans.EventSourcing\Egil.Orleans.EventSourcing.csproj", "{5EF83FF7-47E3-C595-864B-9DF8B53FFCD7}"
EndProject
Project("{2150E333-8FDC-42A3-9474-1A3956D46DE8}") = "src", "src", "{02EA681E-C7D8-13C7-8484-4AC65E1B71E8}"
EndProject
Project("{2150E333-8FDC-42A3-9474-1A3956D46DE8}") = "test", "test", "{2C45B23C-500B-4C39-82C0-A8C38218BAED}"
EndProject
Project("{FAE04EC0-301F-11D3-BF4B-00C04F79EFBC}") = "Egil.Orleans.EventSourcing.Tests", "test\Egil.Orleans.EventSourcing.Tests\Egil.Orleans.EventSourcing.Tests.csproj", "{C9841F6F-B480-4F74-AE10-0ED04E723721}"
EndProject
Project("{FAE04EC0-301F-11D3-BF4B-00C04F79EFBC}") = "Egil.Orleans.EventSourcing.Tests.AppHost", "test\Egil.Orleans.EventSourcing.Tests.AppHost\Egil.Orleans.EventSourcing.Tests.AppHost.csproj", "{390EE848-7B88-4D92-B66F-6C39CD04A58B}"
EndProject
Global
	GlobalSection(SolutionConfigurationPlatforms) = preSolution
		Debug|Any CPU = Debug|Any CPU
		Release|Any CPU = Release|Any CPU
	EndGlobalSection
	GlobalSection(ProjectConfigurationPlatforms) = postSolution
		{5EF83FF7-47E3-C595-864B-9DF8B53FFCD7}.Debug|Any CPU.ActiveCfg = Debug|Any CPU
		{5EF83FF7-47E3-C595-864B-9DF8B53FFCD7}.Debug|Any CPU.Build.0 = Debug|Any CPU
		{5EF83FF7-47E3-C595-864B-9DF8B53FFCD7}.Release|Any CPU.ActiveCfg = Release|Any CPU
		{5EF83FF7-47E3-C595-864B-9DF8B53FFCD7}.Release|Any CPU.Build.0 = Release|Any CPU
		{C9841F6F-B480-4F74-AE10-0ED04E723721}.Debug|Any CPU.ActiveCfg = Debug|Any CPU
		{C9841F6F-B480-4F74-AE10-0ED04E723721}.Debug|Any CPU.Build.0 = Debug|Any CPU
		{C9841F6F-B480-4F74-AE10-0ED04E723721}.Release|Any CPU.ActiveCfg = Release|Any CPU
		{C9841F6F-B480-4F74-AE10-0ED04E723721}.Release|Any CPU.Build.0 = Release|Any CPU
		{390EE848-7B88-4D92-B66F-6C39CD04A58B}.Debug|Any CPU.ActiveCfg = Debug|Any CPU
		{390EE848-7B88-4D92-B66F-6C39CD04A58B}.Debug|Any CPU.Build.0 = Debug|Any CPU
		{390EE848-7B88-4D92-B66F-6C39CD04A58B}.Release|Any CPU.ActiveCfg = Release|Any CPU
		{390EE848-7B88-4D92-B66F-6C39CD04A58B}.Release|Any CPU.Build.0 = Release|Any CPU
	EndGlobalSection
	GlobalSection(SolutionProperties) = preSolution
		HideSolutionNode = FALSE
	EndGlobalSection
	GlobalSection(NestedProjects) = preSolution
		{5EF83FF7-47E3-C595-864B-9DF8B53FFCD7} = {02EA681E-C7D8-13C7-8484-4AC65E1B71E8}
		{C9841F6F-B480-4F74-AE10-0ED04E723721} = {2C45B23C-500B-4C39-82C0-A8C38218BAED}
		{390EE848-7B88-4D92-B66F-6C39CD04A58B} = {2C45B23C-500B-4C39-82C0-A8C38218BAED}
	EndGlobalSection
	GlobalSection(ExtensibilityGlobals) = postSolution
		SolutionGuid = {9FB2DCC3-A1B8-49AF-9FF3-34BF1BB39200}
	EndGlobalSection
EndGlobal
