<Solution>
  <Folder Name="/src/">
    <Project Path="src/Egil.Orleans.Testing/Egil.Orleans.Testing.csproj" />
  </Folder>
  <Folder Name="/test/">
    <Project Path="test/Egil.Orleans.Testing.Tests/Egil.Orleans.Testing.Tests.csproj" />
  </Folder>
  <Folder Name="/samples/">
    <Project Path="samples/Egil.Orleans.Testing.Samples/Egil.Orleans.Testing.Samples.csproj" />
  </Folder>
</Solution>
